
Microsoft Visual Studio Solution File, Format Version 12.00
# Visual Studio Version 17
VisualStudioVersion = 17.11.35312.102
MinimumVisualStudioVersion = 10.0.40219.1
Project("{9A19103F-16F7-4668-BE54-9A1E7A4F7556}") = "CEM", "CEM.csproj", "{A3ECBC0C-2387-4EAC-BEC7-70D35DD23593}"
EndProject
Global
	GlobalSection(SolutionConfigurationPlatforms) = preSolution
		Debug|Any CPU = Debug|Any CPU
		Release|Any CPU = Release|Any CPU
	EndGlobalSection
	GlobalSection(ProjectConfigurationPlatforms) = postSolution
		{A3ECBC0C-2387-4EAC-BEC7-70D35DD23593}.Debug|Any CPU.ActiveCfg = Debug|Any CPU
		{A3ECBC0C-2387-4EAC-BEC7-70D35DD23593}.Debug|Any CPU.Build.0 = Debug|Any CPU
		{A3ECBC0C-2387-4EAC-BEC7-70D35DD23593}.Release|Any CPU.ActiveCfg = Release|Any CPU
		{A3ECBC0C-2387-4EAC-BEC7-70D35DD23593}.Release|Any CPU.Build.0 = Release|Any CPU
	EndGlobalSection
	GlobalSection(SolutionProperties) = preSolution
		HideSolutionNode = FALSE
	EndGlobalSection
	GlobalSection(ExtensibilityGlobals) = postSolution
		SolutionGuid = {95C4700C-2132-4F29-B356-2B39952681D3}
	EndGlobalSection
EndGlobal
